// !$*UTF8*$!
{
	archiveVersion = 1;
	classes = {
	};
	objectVersion = 48;
	objects = {

/* Begin PBXBuildFile section */
		7F55EDC520176E2400C3FDE0 /* Heating_FEM_UnitTests.swift in Sources */ = {isa = PBXBuildFile; fileRef = 7F55EDC420176E2400C3FDE0 /* Heating_FEM_UnitTests.swift */; };
		7F55EDCD201774D900C3FDE0 /* GlobalData.swift in Sources */ = {isa = PBXBuildFile; fileRef = 7FF35FD72013A20E002530E0 /* GlobalData.swift */; };
		7F55EDCE201774DC00C3FDE0 /* Grid.swift in Sources */ = {isa = PBXBuildFile; fileRef = 7FF35FD62013A20E002530E0 /* Grid.swift */; };
		7F55EDCF201774E000C3FDE0 /* Integral.swift in Sources */ = {isa = PBXBuildFile; fileRef = 7FF35FD82013A20F002530E0 /* Integral.swift */; };
		7F55EDD0201774E200C3FDE0 /* Jacobian.swift in Sources */ = {isa = PBXBuildFile; fileRef = 7FF35FD52013A20E002530E0 /* Jacobian.swift */; };
		7F55EDD1201774E500C3FDE0 /* LocalElement.swift in Sources */ = {isa = PBXBuildFile; fileRef = 7FF35FD92013A20F002530E0 /* LocalElement.swift */; };
		7F55EDD2201774E700C3FDE0 /* Node.swift in Sources */ = {isa = PBXBuildFile; fileRef = 7FF35FD12013A20E002530E0 /* Node.swift */; };
		7F55EDD3201774EA00C3FDE0 /* ShapeFunctionDefinition.swift in Sources */ = {isa = PBXBuildFile; fileRef = 7FF35FD22013A20E002530E0 /* ShapeFunctionDefinition.swift */; };
		7F55EDD4201774EC00C3FDE0 /* Solver.swift in Sources */ = {isa = PBXBuildFile; fileRef = 7FF35FD32013A20E002530E0 /* Solver.swift */; };
		7F55EDD5201774EE00C3FDE0 /* Surface.swift in Sources */ = {isa = PBXBuildFile; fileRef = 7FF35FD42013A20E002530E0 /* Surface.swift */; };
		7F55EDD6201774F100C3FDE0 /* Element.swift in Sources */ = {isa = PBXBuildFile; fileRef = 7FF35FDA2013A20F002530E0 /* Element.swift */; };
		7F55EDD7201774F500C3FDE0 /* FileParser.swift in Sources */ = {isa = PBXBuildFile; fileRef = 7FF35FE62013A22E002530E0 /* FileParser.swift */; };
		7F55EDD8201774F800C3FDE0 /* JsonSerializer.swift in Sources */ = {isa = PBXBuildFile; fileRef = 7FF35FE72013A22E002530E0 /* JsonSerializer.swift */; };
		7F55EDD9201774FA00C3FDE0 /* oven_conf.json in Resources */ = {isa = PBXBuildFile; fileRef = 7FF360082013AF70002530E0 /* oven_conf.json */; };
		7F55EDDA201774FD00C3FDE0 /* default_conf.json in Resources */ = {isa = PBXBuildFile; fileRef = 7F9E294420168CA100245492 /* default_conf.json */; };
		7F5A88402013B75C00B0192F /* oven_conf.json in CopyFiles */ = {isa = PBXBuildFile; fileRef = 7FF360082013AF70002530E0 /* oven_conf.json */; };
		7F9E294520168CA100245492 /* default_conf.json in Resources */ = {isa = PBXBuildFile; fileRef = 7F9E294420168CA100245492 /* default_conf.json */; };
		7F9E294620168CA900245492 /* default_conf.json in CopyFiles */ = {isa = PBXBuildFile; fileRef = 7F9E294420168CA100245492 /* default_conf.json */; };
		7FF35FC72013A028002530E0 /* main.swift in Sources */ = {isa = PBXBuildFile; fileRef = 7FF35FC62013A028002530E0 /* main.swift */; };
		7FF35FDB2013A20F002530E0 /* Node.swift in Sources */ = {isa = PBXBuildFile; fileRef = 7FF35FD12013A20E002530E0 /* Node.swift */; };
		7FF35FDC2013A20F002530E0 /* ShapeFunctionDefinition.swift in Sources */ = {isa = PBXBuildFile; fileRef = 7FF35FD22013A20E002530E0 /* ShapeFunctionDefinition.swift */; };
		7FF35FDD2013A20F002530E0 /* Solver.swift in Sources */ = {isa = PBXBuildFile; fileRef = 7FF35FD32013A20E002530E0 /* Solver.swift */; };
		7FF35FDE2013A20F002530E0 /* Surface.swift in Sources */ = {isa = PBXBuildFile; fileRef = 7FF35FD42013A20E002530E0 /* Surface.swift */; };
		7FF35FDF2013A20F002530E0 /* Jacobian.swift in Sources */ = {isa = PBXBuildFile; fileRef = 7FF35FD52013A20E002530E0 /* Jacobian.swift */; };
		7FF35FE02013A20F002530E0 /* Grid.swift in Sources */ = {isa = PBXBuildFile; fileRef = 7FF35FD62013A20E002530E0 /* Grid.swift */; };
		7FF35FE12013A20F002530E0 /* GlobalData.swift in Sources */ = {isa = PBXBuildFile; fileRef = 7FF35FD72013A20E002530E0 /* GlobalData.swift */; };
		7FF35FE22013A20F002530E0 /* Integral.swift in Sources */ = {isa = PBXBuildFile; fileRef = 7FF35FD82013A20F002530E0 /* Integral.swift */; };
		7FF35FE32013A20F002530E0 /* LocalElement.swift in Sources */ = {isa = PBXBuildFile; fileRef = 7FF35FD92013A20F002530E0 /* LocalElement.swift */; };
		7FF35FE42013A20F002530E0 /* Element.swift in Sources */ = {isa = PBXBuildFile; fileRef = 7FF35FDA2013A20F002530E0 /* Element.swift */; };
		7FF35FE82013A22E002530E0 /* FileParser.swift in Sources */ = {isa = PBXBuildFile; fileRef = 7FF35FE62013A22E002530E0 /* FileParser.swift */; };
		7FF35FE92013A22F002530E0 /* JsonSerializer.swift in Sources */ = {isa = PBXBuildFile; fileRef = 7FF35FE72013A22E002530E0 /* JsonSerializer.swift */; };
		7FF3600B2013B07E002530E0 /* oven_conf.json in Resources */ = {isa = PBXBuildFile; fileRef = 7FF360082013AF70002530E0 /* oven_conf.json */; };
/* End PBXBuildFile section */

/* Begin PBXCopyFilesBuildPhase section */
		7F5A883F2013B75100B0192F /* CopyFiles */ = {
			isa = PBXCopyFilesBuildPhase;
			buildActionMask = 2147483647;
			dstPath = "";
			dstSubfolderSpec = 7;
			files = (
				7F9E294620168CA900245492 /* default_conf.json in CopyFiles */,
				7F5A88402013B75C00B0192F /* oven_conf.json in CopyFiles */,
			);
			runOnlyForDeploymentPostprocessing = 0;
		};
/* End PBXCopyFilesBuildPhase section */

/* Begin PBXFileReference section */
		7F55EDC220176E2400C3FDE0 /* Heating-FEM-UnitTests.xctest */ = {isa = PBXFileReference; explicitFileType = wrapper.cfbundle; includeInIndex = 0; path = "Heating-FEM-UnitTests.xctest"; sourceTree = BUILT_PRODUCTS_DIR; };
		7F55EDC420176E2400C3FDE0 /* Heating_FEM_UnitTests.swift */ = {isa = PBXFileReference; lastKnownFileType = sourcecode.swift; path = Heating_FEM_UnitTests.swift; sourceTree = "<group>"; };
		7F55EDC620176E2400C3FDE0 /* Info.plist */ = {isa = PBXFileReference; lastKnownFileType = text.plist.xml; path = Info.plist; sourceTree = "<group>"; };
		7F9E294420168CA100245492 /* default_conf.json */ = {isa = PBXFileReference; lastKnownFileType = text.json; path = default_conf.json; sourceTree = "<group>"; };
		7FF35FC32013A028002530E0 /* Heating-FEM */ = {isa = PBXFileReference; explicitFileType = "compiled.mach-o.executable"; includeInIndex = 0; path = "Heating-FEM"; sourceTree = BUILT_PRODUCTS_DIR; };
		7FF35FC62013A028002530E0 /* main.swift */ = {isa = PBXFileReference; lastKnownFileType = sourcecode.swift; path = main.swift; sourceTree = "<group>"; };
		7FF35FD12013A20E002530E0 /* Node.swift */ = {isa = PBXFileReference; fileEncoding = 4; lastKnownFileType = sourcecode.swift; path = Node.swift; sourceTree = "<group>"; };
		7FF35FD22013A20E002530E0 /* ShapeFunctionDefinition.swift */ = {isa = PBXFileReference; fileEncoding = 4; lastKnownFileType = sourcecode.swift; path = ShapeFunctionDefinition.swift; sourceTree = "<group>"; };
		7FF35FD32013A20E002530E0 /* Solver.swift */ = {isa = PBXFileReference; fileEncoding = 4; lastKnownFileType = sourcecode.swift; path = Solver.swift; sourceTree = "<group>"; };
		7FF35FD42013A20E002530E0 /* Surface.swift */ = {isa = PBXFileReference; fileEncoding = 4; lastKnownFileType = sourcecode.swift; path = Surface.swift; sourceTree = "<group>"; };
		7FF35FD52013A20E002530E0 /* Jacobian.swift */ = {isa = PBXFileReference; fileEncoding = 4; lastKnownFileType = sourcecode.swift; path = Jacobian.swift; sourceTree = "<group>"; };
		7FF35FD62013A20E002530E0 /* Grid.swift */ = {isa = PBXFileReference; fileEncoding = 4; lastKnownFileType = sourcecode.swift; path = Grid.swift; sourceTree = "<group>"; };
		7FF35FD72013A20E002530E0 /* GlobalData.swift */ = {isa = PBXFileReference; fileEncoding = 4; lastKnownFileType = sourcecode.swift; path = GlobalData.swift; sourceTree = "<group>"; };
		7FF35FD82013A20F002530E0 /* Integral.swift */ = {isa = PBXFileReference; fileEncoding = 4; lastKnownFileType = sourcecode.swift; path = Integral.swift; sourceTree = "<group>"; };
		7FF35FD92013A20F002530E0 /* LocalElement.swift */ = {isa = PBXFileReference; fileEncoding = 4; lastKnownFileType = sourcecode.swift; path = LocalElement.swift; sourceTree = "<group>"; };
		7FF35FDA2013A20F002530E0 /* Element.swift */ = {isa = PBXFileReference; fileEncoding = 4; lastKnownFileType = sourcecode.swift; path = Element.swift; sourceTree = "<group>"; };
		7FF35FE62013A22E002530E0 /* FileParser.swift */ = {isa = PBXFileReference; fileEncoding = 4; lastKnownFileType = sourcecode.swift; path = FileParser.swift; sourceTree = "<group>"; };
		7FF35FE72013A22E002530E0 /* JsonSerializer.swift */ = {isa = PBXFileReference; fileEncoding = 4; lastKnownFileType = sourcecode.swift; path = JsonSerializer.swift; sourceTree = "<group>"; };
		7FF360082013AF70002530E0 /* oven_conf.json */ = {isa = PBXFileReference; fileEncoding = 4; lastKnownFileType = text.json; path = oven_conf.json; sourceTree = "<group>"; };
/* End PBXFileReference section */

/* Begin PBXFrameworksBuildPhase section */
		7F55EDBF20176E2400C3FDE0 /* Frameworks */ = {
			isa = PBXFrameworksBuildPhase;
			buildActionMask = 2147483647;
			files = (
			);
			runOnlyForDeploymentPostprocessing = 0;
		};
		7FF35FC02013A028002530E0 /* Frameworks */ = {
			isa = PBXFrameworksBuildPhase;
			buildActionMask = 2147483647;
			files = (
			);
			runOnlyForDeploymentPostprocessing = 0;
		};
/* End PBXFrameworksBuildPhase section */

/* Begin PBXGroup section */
		7F55EDC320176E2400C3FDE0 /* Heating-FEM-UnitTests */ = {
			isa = PBXGroup;
			children = (
				7F55EDC420176E2400C3FDE0 /* Heating_FEM_UnitTests.swift */,
				7F55EDC620176E2400C3FDE0 /* Info.plist */,
			);
			path = "Heating-FEM-UnitTests";
			sourceTree = "<group>";
		};
		7FF35FBA2013A028002530E0 = {
			isa = PBXGroup;
			children = (
				7FF35FC52013A028002530E0 /* Heating-FEM */,
				7F55EDC320176E2400C3FDE0 /* Heating-FEM-UnitTests */,
				7FF35FC42013A028002530E0 /* Products */,
			);
			sourceTree = "<group>";
		};
		7FF35FC42013A028002530E0 /* Products */ = {
			isa = PBXGroup;
			children = (
				7FF35FC32013A028002530E0 /* Heating-FEM */,
				7F55EDC220176E2400C3FDE0 /* Heating-FEM-UnitTests.xctest */,
			);
			name = Products;
			sourceTree = "<group>";
		};
		7FF35FC52013A028002530E0 /* Heating-FEM */ = {
			isa = PBXGroup;
			children = (
				7FF360072013AF50002530E0 /* Configuration */,
				7FF35FD02013A1EE002530E0 /* Model */,
				7FF35FE52013A223002530E0 /* Utils */,
				7FF35FC62013A028002530E0 /* main.swift */,
			);
			path = "Heating-FEM";
			sourceTree = "<group>";
		};
		7FF35FD02013A1EE002530E0 /* Model */ = {
			isa = PBXGroup;
			children = (
				7FF35FDA2013A20F002530E0 /* Element.swift */,
				7FF35FD72013A20E002530E0 /* GlobalData.swift */,
				7FF35FD62013A20E002530E0 /* Grid.swift */,
				7FF35FD82013A20F002530E0 /* Integral.swift */,
				7FF35FD52013A20E002530E0 /* Jacobian.swift */,
				7FF35FD92013A20F002530E0 /* LocalElement.swift */,
				7FF35FD12013A20E002530E0 /* Node.swift */,
				7FF35FD22013A20E002530E0 /* ShapeFunctionDefinition.swift */,
				7FF35FD32013A20E002530E0 /* Solver.swift */,
				7FF35FD42013A20E002530E0 /* Surface.swift */,
			);
			path = Model;
			sourceTree = "<group>";
		};
		7FF35FE52013A223002530E0 /* Utils */ = {
			isa = PBXGroup;
			children = (
				7FF35FE62013A22E002530E0 /* FileParser.swift */,
				7FF35FE72013A22E002530E0 /* JsonSerializer.swift */,
			);
			path = Utils;
			sourceTree = "<group>";
		};
		7FF360072013AF50002530E0 /* Configuration */ = {
			isa = PBXGroup;
			children = (
				7FF360082013AF70002530E0 /* oven_conf.json */,
				7F9E294420168CA100245492 /* default_conf.json */,
			);
			path = Configuration;
			sourceTree = "<group>";
		};
/* End PBXGroup section */

/* Begin PBXNativeTarget section */
		7F55EDC120176E2400C3FDE0 /* Heating-FEM-UnitTests */ = {
			isa = PBXNativeTarget;
			buildConfigurationList = 7F55EDC720176E2400C3FDE0 /* Build configuration list for PBXNativeTarget "Heating-FEM-UnitTests" */;
			buildPhases = (
				7F55EDBE20176E2400C3FDE0 /* Sources */,
				7F55EDBF20176E2400C3FDE0 /* Frameworks */,
				7F55EDC020176E2400C3FDE0 /* Resources */,
			);
			buildRules = (
			);
			dependencies = (
			);
			name = "Heating-FEM-UnitTests";
			productName = "Heating-FEM-UnitTests";
			productReference = 7F55EDC220176E2400C3FDE0 /* Heating-FEM-UnitTests.xctest */;
			productType = "com.apple.product-type.bundle.unit-test";
		};
		7FF35FC22013A028002530E0 /* Heating-FEM */ = {
			isa = PBXNativeTarget;
			buildConfigurationList = 7FF35FCA2013A028002530E0 /* Build configuration list for PBXNativeTarget "Heating-FEM" */;
			buildPhases = (
				7FF35FBF2013A028002530E0 /* Sources */,
				7FF35FC02013A028002530E0 /* Frameworks */,
				7FF35FFA2013AD8B002530E0 /* Resources */,
				7F5A883F2013B75100B0192F /* CopyFiles */,
				7F9E29432014A35C00245492 /* ShellScript */,
			);
			buildRules = (
			);
			dependencies = (
			);
			name = "Heating-FEM";
			productName = "Heating-FEM";
			productReference = 7FF35FC32013A028002530E0 /* Heating-FEM */;
			productType = "com.apple.product-type.tool";
		};
/* End PBXNativeTarget section */

/* Begin PBXProject section */
		7FF35FBB2013A028002530E0 /* Project object */ = {
			isa = PBXProject;
			attributes = {
				LastSwiftUpdateCheck = 0920;
				LastUpgradeCheck = 0920;
				ORGANIZATIONNAME = "Mikołaj Stępniewski";
				TargetAttributes = {
					7F55EDC120176E2400C3FDE0 = {
						CreatedOnToolsVersion = 9.2;
						ProvisioningStyle = Automatic;
					};
					7FF35FC22013A028002530E0 = {
						CreatedOnToolsVersion = 9.2;
						ProvisioningStyle = Automatic;
					};
				};
			};
			buildConfigurationList = 7FF35FBE2013A028002530E0 /* Build configuration list for PBXProject "Heating-FEM" */;
			compatibilityVersion = "Xcode 8.0";
			developmentRegion = en;
			hasScannedForEncodings = 0;
			knownRegions = (
				en,
			);
			mainGroup = 7FF35FBA2013A028002530E0;
			productRefGroup = 7FF35FC42013A028002530E0 /* Products */;
			projectDirPath = "";
			projectRoot = "";
			targets = (
				7FF35FC22013A028002530E0 /* Heating-FEM */,
				7F55EDC120176E2400C3FDE0 /* Heating-FEM-UnitTests */,
			);
		};
/* End PBXProject section */

/* Begin PBXResourcesBuildPhase section */
		7F55EDC020176E2400C3FDE0 /* Resources */ = {
			isa = PBXResourcesBuildPhase;
			buildActionMask = 2147483647;
			files = (
				7F55EDD9201774FA00C3FDE0 /* oven_conf.json in Resources */,
				7F55EDDA201774FD00C3FDE0 /* default_conf.json in Resources */,
			);
			runOnlyForDeploymentPostprocessing = 0;
		};
		7FF35FFA2013AD8B002530E0 /* Resources */ = {
			isa = PBXResourcesBuildPhase;
			buildActionMask = 2147483647;
			files = (
				7FF3600B2013B07E002530E0 /* oven_conf.json in Resources */,
				7F9E294520168CA100245492 /* default_conf.json in Resources */,
			);
			runOnlyForDeploymentPostprocessing = 0;
		};
/* End PBXResourcesBuildPhase section */

/* Begin PBXShellScriptBuildPhase section */
		7F9E29432014A35C00245492 /* ShellScript */ = {
			isa = PBXShellScriptBuildPhase;
			buildActionMask = 2147483647;
			files = (
			);
			inputPaths = (
			);
			outputPaths = (
			);
			runOnlyForDeploymentPostprocessing = 0;
			shellPath = /bin/sh;
			shellScript = "TAGS=\"TODO:|FIXME:\"\necho \"searching ${SRCROOT} for ${TAGS}\"\nfind \"${SRCROOT}\" \\( -name \"*.swift\" \\) -print0 \\\n| xargs -0 egrep --with-filename --line-number --only-matching \"($TAGS).*\\$\" \\\n| perl -p -e \"s/($TAGS)/ warning: \\$1/\"";
		};
/* End PBXShellScriptBuildPhase section */

/* Begin PBXSourcesBuildPhase section */
		7F55EDBE20176E2400C3FDE0 /* Sources */ = {
			isa = PBXSourcesBuildPhase;
			buildActionMask = 2147483647;
			files = (
				7F55EDD3201774EA00C3FDE0 /* ShapeFunctionDefinition.swift in Sources */,
				7F55EDCD201774D900C3FDE0 /* GlobalData.swift in Sources */,
				7F55EDD4201774EC00C3FDE0 /* Solver.swift in Sources */,
				7F55EDC520176E2400C3FDE0 /* Heating_FEM_UnitTests.swift in Sources */,
				7F55EDD7201774F500C3FDE0 /* FileParser.swift in Sources */,
				7F55EDD1201774E500C3FDE0 /* LocalElement.swift in Sources */,
				7F55EDCE201774DC00C3FDE0 /* Grid.swift in Sources */,
				7F55EDD6201774F100C3FDE0 /* Element.swift in Sources */,
				7F55EDCF201774E000C3FDE0 /* Integral.swift in Sources */,
				7F55EDD0201774E200C3FDE0 /* Jacobian.swift in Sources */,
				7F55EDD2201774E700C3FDE0 /* Node.swift in Sources */,
				7F55EDD8201774F800C3FDE0 /* JsonSerializer.swift in Sources */,
				7F55EDD5201774EE00C3FDE0 /* Surface.swift in Sources */,
			);
			runOnlyForDeploymentPostprocessing = 0;
		};
		7FF35FBF2013A028002530E0 /* Sources */ = {
			isa = PBXSourcesBuildPhase;
			buildActionMask = 2147483647;
			files = (
				7FF35FC72013A028002530E0 /* main.swift in Sources */,
				7FF35FDB2013A20F002530E0 /* Node.swift in Sources */,
				7FF35FE82013A22E002530E0 /* FileParser.swift in Sources */,
				7FF35FE32013A20F002530E0 /* LocalElement.swift in Sources */,
				7FF35FDF2013A20F002530E0 /* Jacobian.swift in Sources */,
				7FF35FDD2013A20F002530E0 /* Solver.swift in Sources */,
				7FF35FDC2013A20F002530E0 /* ShapeFunctionDefinition.swift in Sources */,
				7FF35FE42013A20F002530E0 /* Element.swift in Sources */,
				7FF35FE02013A20F002530E0 /* Grid.swift in Sources */,
				7FF35FE22013A20F002530E0 /* Integral.swift in Sources */,
				7FF35FE12013A20F002530E0 /* GlobalData.swift in Sources */,
				7FF35FE92013A22F002530E0 /* JsonSerializer.swift in Sources */,
				7FF35FDE2013A20F002530E0 /* Surface.swift in Sources */,
			);
			runOnlyForDeploymentPostprocessing = 0;
		};
/* End PBXSourcesBuildPhase section */

/* Begin XCBuildConfiguration section */
		7F55EDC820176E2400C3FDE0 /* Debug */ = {
			isa = XCBuildConfiguration;
			buildSettings = {
				CODE_SIGN_STYLE = Automatic;
				COMBINE_HIDPI_IMAGES = YES;
				DEVELOPMENT_TEAM = QZ39Q3ANW7;
				INFOPLIST_FILE = "Heating-FEM-UnitTests/Info.plist";
				LD_RUNPATH_SEARCH_PATHS = "$(inherited) @executable_path/../Frameworks @loader_path/../Frameworks";
				PRODUCT_BUNDLE_IDENTIFIER = "com.mikolaj.stepniewski.Heating-FEM-UnitTests";
				PRODUCT_NAME = "$(TARGET_NAME)";
				SWIFT_VERSION = 4.0;
			};
			name = Debug;
		};
		7F55EDC920176E2400C3FDE0 /* Release */ = {
			isa = XCBuildConfiguration;
			buildSettings = {
				CODE_SIGN_STYLE = Automatic;
				COMBINE_HIDPI_IMAGES = YES;
				DEVELOPMENT_TEAM = QZ39Q3ANW7;
				INFOPLIST_FILE = "Heating-FEM-UnitTests/Info.plist";
				LD_RUNPATH_SEARCH_PATHS = "$(inherited) @executable_path/../Frameworks @loader_path/../Frameworks";
				PRODUCT_BUNDLE_IDENTIFIER = "com.mikolaj.stepniewski.Heating-FEM-UnitTests";
				PRODUCT_NAME = "$(TARGET_NAME)";
				SWIFT_VERSION = 4.0;
			};
			name = Release;
		};
		7FF35FC82013A028002530E0 /* Debug */ = {
			isa = XCBuildConfiguration;
			buildSettings = {
				ALWAYS_SEARCH_USER_PATHS = NO;
				CLANG_ANALYZER_NONNULL = YES;
				CLANG_ANALYZER_NUMBER_OBJECT_CONVERSION = YES_AGGRESSIVE;
				CLANG_CXX_LANGUAGE_STANDARD = "gnu++14";
				CLANG_CXX_LIBRARY = "libc++";
				CLANG_ENABLE_MODULES = YES;
				CLANG_ENABLE_OBJC_ARC = YES;
				CLANG_WARN_BLOCK_CAPTURE_AUTORELEASING = YES;
				CLANG_WARN_BOOL_CONVERSION = YES;
				CLANG_WARN_COMMA = YES;
				CLANG_WARN_CONSTANT_CONVERSION = YES;
				CLANG_WARN_DIRECT_OBJC_ISA_USAGE = YES_ERROR;
				CLANG_WARN_DOCUMENTATION_COMMENTS = YES;
				CLANG_WARN_EMPTY_BODY = YES;
				CLANG_WARN_ENUM_CONVERSION = YES;
				CLANG_WARN_INFINITE_RECURSION = YES;
				CLANG_WARN_INT_CONVERSION = YES;
				CLANG_WARN_NON_LITERAL_NULL_CONVERSION = YES;
				CLANG_WARN_OBJC_LITERAL_CONVERSION = YES;
				CLANG_WARN_OBJC_ROOT_CLASS = YES_ERROR;
				CLANG_WARN_RANGE_LOOP_ANALYSIS = YES;
				CLANG_WARN_STRICT_PROTOTYPES = YES;
				CLANG_WARN_SUSPICIOUS_MOVE = YES;
				CLANG_WARN_UNGUARDED_AVAILABILITY = YES_AGGRESSIVE;
				CLANG_WARN_UNREACHABLE_CODE = YES;
				CLANG_WARN__DUPLICATE_METHOD_MATCH = YES;
				CODE_SIGN_IDENTITY = "Mac Developer";
				COPY_PHASE_STRIP = NO;
				DEBUG_INFORMATION_FORMAT = dwarf;
				ENABLE_STRICT_OBJC_MSGSEND = YES;
				ENABLE_TESTABILITY = YES;
				GCC_C_LANGUAGE_STANDARD = gnu11;
				GCC_DYNAMIC_NO_PIC = NO;
				GCC_NO_COMMON_BLOCKS = YES;
				GCC_OPTIMIZATION_LEVEL = 0;
				GCC_PREPROCESSOR_DEFINITIONS = (
					"DEBUG=1",
					"$(inherited)",
				);
				GCC_WARN_64_TO_32_BIT_CONVERSION = YES;
				GCC_WARN_ABOUT_RETURN_TYPE = YES_ERROR;
				GCC_WARN_UNDECLARED_SELECTOR = YES;
				GCC_WARN_UNINITIALIZED_AUTOS = YES_AGGRESSIVE;
				GCC_WARN_UNUSED_FUNCTION = YES;
				GCC_WARN_UNUSED_VARIABLE = YES;
				MACOSX_DEPLOYMENT_TARGET = 10.13;
				MTL_ENABLE_DEBUG_INFO = YES;
				ONLY_ACTIVE_ARCH = YES;
				SDKROOT = macosx;
				SWIFT_ACTIVE_COMPILATION_CONDITIONS = DEBUG;
				SWIFT_OPTIMIZATION_LEVEL = "-Onone";
			};
			name = Debug;
		};
		7FF35FC92013A028002530E0 /* Release */ = {
			isa = XCBuildConfiguration;
			buildSettings = {
				ALWAYS_SEARCH_USER_PATHS = NO;
				CLANG_ANALYZER_NONNULL = YES;
				CLANG_ANALYZER_NUMBER_OBJECT_CONVERSION = YES_AGGRESSIVE;
				CLANG_CXX_LANGUAGE_STANDARD = "gnu++14";
				CLANG_CXX_LIBRARY = "libc++";
				CLANG_ENABLE_MODULES = YES;
				CLANG_ENABLE_OBJC_ARC = YES;
				CLANG_WARN_BLOCK_CAPTURE_AUTORELEASING = YES;
				CLANG_WARN_BOOL_CONVERSION = YES;
				CLANG_WARN_COMMA = YES;
				CLANG_WARN_CONSTANT_CONVERSION = YES;
				CLANG_WARN_DIRECT_OBJC_ISA_USAGE = YES_ERROR;
				CLANG_WARN_DOCUMENTATION_COMMENTS = YES;
				CLANG_WARN_EMPTY_BODY = YES;
				CLANG_WARN_ENUM_CONVERSION = YES;
				CLANG_WARN_INFINITE_RECURSION = YES;
				CLANG_WARN_INT_CONVERSION = YES;
				CLANG_WARN_NON_LITERAL_NULL_CONVERSION = YES;
				CLANG_WARN_OBJC_LITERAL_CONVERSION = YES;
				CLANG_WARN_OBJC_ROOT_CLASS = YES_ERROR;
				CLANG_WARN_RANGE_LOOP_ANALYSIS = YES;
				CLANG_WARN_STRICT_PROTOTYPES = YES;
				CLANG_WARN_SUSPICIOUS_MOVE = YES;
				CLANG_WARN_UNGUARDED_AVAILABILITY = YES_AGGRESSIVE;
				CLANG_WARN_UNREACHABLE_CODE = YES;
				CLANG_WARN__DUPLICATE_METHOD_MATCH = YES;
				CODE_SIGN_IDENTITY = "Mac Developer";
				COPY_PHASE_STRIP = NO;
				DEBUG_INFORMATION_FORMAT = "dwarf-with-dsym";
				ENABLE_NS_ASSERTIONS = NO;
				ENABLE_STRICT_OBJC_MSGSEND = YES;
				GCC_C_LANGUAGE_STANDARD = gnu11;
				GCC_NO_COMMON_BLOCKS = YES;
				GCC_WARN_64_TO_32_BIT_CONVERSION = YES;
				GCC_WARN_ABOUT_RETURN_TYPE = YES_ERROR;
				GCC_WARN_UNDECLARED_SELECTOR = YES;
				GCC_WARN_UNINITIALIZED_AUTOS = YES_AGGRESSIVE;
				GCC_WARN_UNUSED_FUNCTION = YES;
				GCC_WARN_UNUSED_VARIABLE = YES;
				MACOSX_DEPLOYMENT_TARGET = 10.13;
				MTL_ENABLE_DEBUG_INFO = NO;
				SDKROOT = macosx;
				SWIFT_OPTIMIZATION_LEVEL = "-Owholemodule";
			};
			name = Release;
		};
		7FF35FCB2013A028002530E0 /* Debug */ = {
			isa = XCBuildConfiguration;
			buildSettings = {
				CODE_SIGN_STYLE = Automatic;
				DEVELOPMENT_TEAM = QZ39Q3ANW7;
				PRODUCT_NAME = "$(TARGET_NAME)";
				SWIFT_VERSION = 4.0;
			};
			name = Debug;
		};
		7FF35FCC2013A028002530E0 /* Release */ = {
			isa = XCBuildConfiguration;
			buildSettings = {
				CODE_SIGN_STYLE = Automatic;
				DEVELOPMENT_TEAM = QZ39Q3ANW7;
				PRODUCT_NAME = "$(TARGET_NAME)";
				SWIFT_VERSION = 4.0;
			};
			name = Release;
		};
/* End XCBuildConfiguration section */

/* Begin XCConfigurationList section */
		7F55EDC720176E2400C3FDE0 /* Build configuration list for PBXNativeTarget "Heating-FEM-UnitTests" */ = {
			isa = XCConfigurationList;
			buildConfigurations = (
				7F55EDC820176E2400C3FDE0 /* Debug */,
				7F55EDC920176E2400C3FDE0 /* Release */,
			);
			defaultConfigurationIsVisible = 0;
			defaultConfigurationName = Release;
		};
		7FF35FBE2013A028002530E0 /* Build configuration list for PBXProject "Heating-FEM" */ = {
			isa = XCConfigurationList;
			buildConfigurations = (
				7FF35FC82013A028002530E0 /* Debug */,
				7FF35FC92013A028002530E0 /* Release */,
			);
			defaultConfigurationIsVisible = 0;
			defaultConfigurationName = Release;
		};
		7FF35FCA2013A028002530E0 /* Build configuration list for PBXNativeTarget "Heating-FEM" */ = {
			isa = XCConfigurationList;
			buildConfigurations = (
				7FF35FCB2013A028002530E0 /* Debug */,
				7FF35FCC2013A028002530E0 /* Release */,
			);
			defaultConfigurationIsVisible = 0;
			defaultConfigurationName = Release;
		};
/* End XCConfigurationList section */
	};
	rootObject = 7FF35FBB2013A028002530E0 /* Project object */;
}
